
Microsoft Visual Studio Solution File, Format Version 12.00
# Visual Studio 2012
Project("{E24C65DC-7377-472B-9ABA-BC803B73C61A}") = "Float", "http://localhost:52070", "{E08E1CEE-BC27-4DBE-A601-E9C122D9CAAF}"
	ProjectSection(WebsiteProperties) = preProject
		UseIISExpress = "true"
		TargetFrameworkMoniker = ".NETFramework,Version%3Dv4.0"
		Debug.AspNetCompiler.VirtualPath = "/localhost_52070"
		Debug.AspNetCompiler.PhysicalPath = "..\Float\"
		Debug.AspNetCompiler.TargetPath = "PrecompiledWeb\localhost_52070\"
		Debug.AspNetCompiler.Updateable = "true"
		Debug.AspNetCompiler.ForceOverwrite = "true"
		Debug.AspNetCompiler.FixedNames = "false"
		Debug.AspNetCompiler.Debug = "True"
		Release.AspNetCompiler.VirtualPath = "/localhost_52070"
		Release.AspNetCompiler.PhysicalPath = "..\Float\"
		Release.AspNetCompiler.TargetPath = "PrecompiledWeb\localhost_52070\"
		Release.AspNetCompiler.Updateable = "true"
		Release.AspNetCompiler.ForceOverwrite = "true"
		Release.AspNetCompiler.FixedNames = "false"
		Release.AspNetCompiler.Debug = "False"
		SlnRelativePath = "..\Float\"
	EndProjectSection
EndProject
Project("{E24C65DC-7377-472B-9ABA-BC803B73C61A}") = "mxFrame", "http://localhost:52106", "{2F2201E9-BCEE-4E68-B78B-C50CEBF6C05B}"
	ProjectSection(WebsiteProperties) = preProject
		UseIISExpress = "true"
		TargetFrameworkMoniker = ".NETFramework,Version%3Dv4.0"
		Debug.AspNetCompiler.VirtualPath = "/mxFrame"
		Debug.AspNetCompiler.PhysicalPath = "..\mxFrame\"
		Debug.AspNetCompiler.TargetPath = "PrecompiledWeb\mxFrame\"
		Debug.AspNetCompiler.Updateable = "true"
		Debug.AspNetCompiler.ForceOverwrite = "true"
		Debug.AspNetCompiler.FixedNames = "false"
		Debug.AspNetCompiler.Debug = "True"
		Release.AspNetCompiler.VirtualPath = "/mxFrame"
		Release.AspNetCompiler.PhysicalPath = "..\mxFrame\"
		Release.AspNetCompiler.TargetPath = "PrecompiledWeb\mxFrame\"
		Release.AspNetCompiler.Updateable = "true"
		Release.AspNetCompiler.ForceOverwrite = "true"
		Release.AspNetCompiler.FixedNames = "false"
		Release.AspNetCompiler.Debug = "False"
		SlnRelativePath = "..\mxFrame\"
	EndProjectSection
EndProject
Global
	GlobalSection(SolutionConfigurationPlatforms) = preSolution
		Debug|Any CPU = Debug|Any CPU
	EndGlobalSection
	GlobalSection(ProjectConfigurationPlatforms) = postSolution
		{E08E1CEE-BC27-4DBE-A601-E9C122D9CAAF}.Debug|Any CPU.ActiveCfg = Debug|Any CPU
		{E08E1CEE-BC27-4DBE-A601-E9C122D9CAAF}.Debug|Any CPU.Build.0 = Debug|Any CPU
		{2F2201E9-BCEE-4E68-B78B-C50CEBF6C05B}.Debug|Any CPU.ActiveCfg = Debug|Any CPU
		{2F2201E9-BCEE-4E68-B78B-C50CEBF6C05B}.Debug|Any CPU.Build.0 = Debug|Any CPU
	EndGlobalSection
	GlobalSection(SolutionProperties) = preSolution
		HideSolutionNode = FALSE
	EndGlobalSection
EndGlobal
